// !$*UTF8*$!
{
	archiveVersion = 1;
	classes = {
	};
	objectVersion = 50;
	objects = {

/* Begin PBXBuildFile section */
		5C3B62122540C7BA007144AA /* GFButton.swift in Sources */ = {isa = PBXBuildFile; fileRef = 5C3B62112540C7BA007144AA /* GFButton.swift */; };
		5C3B62152540CB5C007144AA /* GFTextField.swift in Sources */ = {isa = PBXBuildFile; fileRef = 5C3B62142540CB5C007144AA /* GFTextField.swift */; };
		5C53A706253F80FA00F68DDC /* AppDelegate.swift in Sources */ = {isa = PBXBuildFile; fileRef = 5C53A705253F80FA00F68DDC /* AppDelegate.swift */; };
		5C53A708253F80FA00F68DDC /* SceneDelegate.swift in Sources */ = {isa = PBXBuildFile; fileRef = 5C53A707253F80FA00F68DDC /* SceneDelegate.swift */; };
		5C53A70F253F80FC00F68DDC /* Assets.xcassets in Resources */ = {isa = PBXBuildFile; fileRef = 5C53A70E253F80FC00F68DDC /* Assets.xcassets */; };
		5C53A712253F80FC00F68DDC /* LaunchScreen.storyboard in Resources */ = {isa = PBXBuildFile; fileRef = 5C53A710253F80FC00F68DDC /* LaunchScreen.storyboard */; };
		5C53A71E253F862100F68DDC /* SearchVC.swift in Sources */ = {isa = PBXBuildFile; fileRef = 5C53A71D253F862100F68DDC /* SearchVC.swift */; };
		5C53A721253F864B00F68DDC /* FavoritesListVC.swift in Sources */ = {isa = PBXBuildFile; fileRef = 5C53A720253F864B00F68DDC /* FavoritesListVC.swift */; };
		5C62A86F2547EF4300EC0F21 /* NetworkManager.swift in Sources */ = {isa = PBXBuildFile; fileRef = 5C62A86E2547EF4300EC0F21 /* NetworkManager.swift */; };
		5C65F48B254899D100B7051C /* GFError.swift in Sources */ = {isa = PBXBuildFile; fileRef = 5C65F48A254899D100B7051C /* GFError.swift */; };
		5C65F49025489F9D00B7051C /* FollowerCell.swift in Sources */ = {isa = PBXBuildFile; fileRef = 5C65F48F25489F9D00B7051C /* FollowerCell.swift */; };
		5C65F4932548A01B00B7051C /* GFAvatarImageView.swift in Sources */ = {isa = PBXBuildFile; fileRef = 5C65F4922548A01B00B7051C /* GFAvatarImageView.swift */; };
		5C69B32E254744B800A8F263 /* Follower.swift in Sources */ = {isa = PBXBuildFile; fileRef = 5C69B32D254744B800A8F263 /* Follower.swift */; };
		5C69B3312547457D00A8F263 /* User.swift in Sources */ = {isa = PBXBuildFile; fileRef = 5C69B3302547457D00A8F263 /* User.swift */; };
		5CB21C1C25571E2100F10394 /* GFEmptyStateView.swift in Sources */ = {isa = PBXBuildFile; fileRef = 5CB21C1B25571E2100F10394 /* GFEmptyStateView.swift */; };
		5CE174A92559630D0032CF17 /* GFUserInfoHeaderVC.swift in Sources */ = {isa = PBXBuildFile; fileRef = 5CE174A82559630D0032CF17 /* GFUserInfoHeaderVC.swift */; };
		5CE174AC255963720032CF17 /* GFSecondaryTitleLabel.swift in Sources */ = {isa = PBXBuildFile; fileRef = 5CE174AB255963720032CF17 /* GFSecondaryTitleLabel.swift */; };
		5CE174AF255971440032CF17 /* Constants.swift in Sources */ = {isa = PBXBuildFile; fileRef = 5CE174AE255971440032CF17 /* Constants.swift */; };
		5CE6F05A25441ECA00D44497 /* FollowerListVC.swift in Sources */ = {isa = PBXBuildFile; fileRef = 5CE6F05925441ECA00D44497 /* FollowerListVC.swift */; };
		5CE6F05D254424E500D44497 /* String+Ext.swift in Sources */ = {isa = PBXBuildFile; fileRef = 5CE6F05C254424E500D44497 /* String+Ext.swift */; };
		5CE6F0602544267500D44497 /* GFTitleLabel.swift in Sources */ = {isa = PBXBuildFile; fileRef = 5CE6F05F2544267500D44497 /* GFTitleLabel.swift */; };
		5CE6F0632544285200D44497 /* GFBodyLabel.swift in Sources */ = {isa = PBXBuildFile; fileRef = 5CE6F0622544285200D44497 /* GFBodyLabel.swift */; };
		5CE6F0662544291C00D44497 /* GFAlertVC.swift in Sources */ = {isa = PBXBuildFile; fileRef = 5CE6F0652544291C00D44497 /* GFAlertVC.swift */; };
		5CE6F0692544385B00D44497 /* UIViewController+Ext.swift in Sources */ = {isa = PBXBuildFile; fileRef = 5CE6F0682544385B00D44497 /* UIViewController+Ext.swift */; };
		5CE77A3825589D4E00AD65A7 /* UserInfoVC.swift in Sources */ = {isa = PBXBuildFile; fileRef = 5CE77A3725589D4E00AD65A7 /* UserInfoVC.swift */; };
		5CF36EFB255204B90028E73B /* UIHelper.swift in Sources */ = {isa = PBXBuildFile; fileRef = 5CF36EFA255204B90028E73B /* UIHelper.swift */; };
/* End PBXBuildFile section */

/* Begin PBXFileReference section */
		5C3B62112540C7BA007144AA /* GFButton.swift */ = {isa = PBXFileReference; lastKnownFileType = sourcecode.swift; path = GFButton.swift; sourceTree = "<group>"; };
		5C3B62142540CB5C007144AA /* GFTextField.swift */ = {isa = PBXFileReference; lastKnownFileType = sourcecode.swift; path = GFTextField.swift; sourceTree = "<group>"; };
		5C53A702253F80FA00F68DDC /* GHFollowers.app */ = {isa = PBXFileReference; explicitFileType = wrapper.application; includeInIndex = 0; path = GHFollowers.app; sourceTree = BUILT_PRODUCTS_DIR; };
		5C53A705253F80FA00F68DDC /* AppDelegate.swift */ = {isa = PBXFileReference; lastKnownFileType = sourcecode.swift; path = AppDelegate.swift; sourceTree = "<group>"; };
		5C53A707253F80FA00F68DDC /* SceneDelegate.swift */ = {isa = PBXFileReference; lastKnownFileType = sourcecode.swift; path = SceneDelegate.swift; sourceTree = "<group>"; };
		5C53A70E253F80FC00F68DDC /* Assets.xcassets */ = {isa = PBXFileReference; lastKnownFileType = folder.assetcatalog; path = Assets.xcassets; sourceTree = "<group>"; };
		5C53A711253F80FC00F68DDC /* Base */ = {isa = PBXFileReference; lastKnownFileType = file.storyboard; name = Base; path = Base.lproj/LaunchScreen.storyboard; sourceTree = "<group>"; };
		5C53A713253F80FC00F68DDC /* Info.plist */ = {isa = PBXFileReference; lastKnownFileType = text.plist.xml; path = Info.plist; sourceTree = "<group>"; };
		5C53A71D253F862100F68DDC /* SearchVC.swift */ = {isa = PBXFileReference; lastKnownFileType = sourcecode.swift; path = SearchVC.swift; sourceTree = "<group>"; };
		5C53A720253F864B00F68DDC /* FavoritesListVC.swift */ = {isa = PBXFileReference; lastKnownFileType = sourcecode.swift; path = FavoritesListVC.swift; sourceTree = "<group>"; };
		5C62A86E2547EF4300EC0F21 /* NetworkManager.swift */ = {isa = PBXFileReference; lastKnownFileType = sourcecode.swift; path = NetworkManager.swift; sourceTree = "<group>"; };
		5C65F48A254899D100B7051C /* GFError.swift */ = {isa = PBXFileReference; lastKnownFileType = sourcecode.swift; path = GFError.swift; sourceTree = "<group>"; };
		5C65F48F25489F9D00B7051C /* FollowerCell.swift */ = {isa = PBXFileReference; lastKnownFileType = sourcecode.swift; path = FollowerCell.swift; sourceTree = "<group>"; };
		5C65F4922548A01B00B7051C /* GFAvatarImageView.swift */ = {isa = PBXFileReference; lastKnownFileType = sourcecode.swift; path = GFAvatarImageView.swift; sourceTree = "<group>"; };
		5C69B32D254744B800A8F263 /* Follower.swift */ = {isa = PBXFileReference; lastKnownFileType = sourcecode.swift; path = Follower.swift; sourceTree = "<group>"; };
		5C69B3302547457D00A8F263 /* User.swift */ = {isa = PBXFileReference; lastKnownFileType = sourcecode.swift; path = User.swift; sourceTree = "<group>"; };
		5CB21C1B25571E2100F10394 /* GFEmptyStateView.swift */ = {isa = PBXFileReference; lastKnownFileType = sourcecode.swift; path = GFEmptyStateView.swift; sourceTree = "<group>"; };
		5CE174A82559630D0032CF17 /* GFUserInfoHeaderVC.swift */ = {isa = PBXFileReference; lastKnownFileType = sourcecode.swift; path = GFUserInfoHeaderVC.swift; sourceTree = "<group>"; };
		5CE174AB255963720032CF17 /* GFSecondaryTitleLabel.swift */ = {isa = PBXFileReference; lastKnownFileType = sourcecode.swift; path = GFSecondaryTitleLabel.swift; sourceTree = "<group>"; };
		5CE174AE255971440032CF17 /* Constants.swift */ = {isa = PBXFileReference; lastKnownFileType = sourcecode.swift; path = Constants.swift; sourceTree = "<group>"; };
		5CE6F05925441ECA00D44497 /* FollowerListVC.swift */ = {isa = PBXFileReference; lastKnownFileType = sourcecode.swift; path = FollowerListVC.swift; sourceTree = "<group>"; };
		5CE6F05C254424E500D44497 /* String+Ext.swift */ = {isa = PBXFileReference; fileEncoding = 4; lastKnownFileType = sourcecode.swift; path = "String+Ext.swift"; sourceTree = "<group>"; };
		5CE6F05F2544267500D44497 /* GFTitleLabel.swift */ = {isa = PBXFileReference; lastKnownFileType = sourcecode.swift; path = GFTitleLabel.swift; sourceTree = "<group>"; };
		5CE6F0622544285200D44497 /* GFBodyLabel.swift */ = {isa = PBXFileReference; lastKnownFileType = sourcecode.swift; path = GFBodyLabel.swift; sourceTree = "<group>"; };
		5CE6F0652544291C00D44497 /* GFAlertVC.swift */ = {isa = PBXFileReference; lastKnownFileType = sourcecode.swift; path = GFAlertVC.swift; sourceTree = "<group>"; };
		5CE6F0682544385B00D44497 /* UIViewController+Ext.swift */ = {isa = PBXFileReference; lastKnownFileType = sourcecode.swift; path = "UIViewController+Ext.swift"; sourceTree = "<group>"; };
		5CE77A3725589D4E00AD65A7 /* UserInfoVC.swift */ = {isa = PBXFileReference; lastKnownFileType = sourcecode.swift; path = UserInfoVC.swift; sourceTree = "<group>"; };
		5CF36EFA255204B90028E73B /* UIHelper.swift */ = {isa = PBXFileReference; lastKnownFileType = sourcecode.swift; path = UIHelper.swift; sourceTree = "<group>"; };
/* End PBXFileReference section */

/* Begin PBXFrameworksBuildPhase section */
		5C53A6FF253F80FA00F68DDC /* Frameworks */ = {
			isa = PBXFrameworksBuildPhase;
			buildActionMask = 2147483647;
			files = (
			);
			runOnlyForDeploymentPostprocessing = 0;
		};
/* End PBXFrameworksBuildPhase section */

/* Begin PBXGroup section */
		5C53A6F9253F80FA00F68DDC = {
			isa = PBXGroup;
			children = (
				5C53A704253F80FA00F68DDC /* GHFollowers */,
				5C53A703253F80FA00F68DDC /* Products */,
			);
			sourceTree = "<group>";
		};
		5C53A703253F80FA00F68DDC /* Products */ = {
			isa = PBXGroup;
			children = (
				5C53A702253F80FA00F68DDC /* GHFollowers.app */,
			);
			name = Products;
			sourceTree = "<group>";
		};
		5C53A704253F80FA00F68DDC /* GHFollowers */ = {
			isa = PBXGroup;
			children = (
				5C65F488254899AE00B7051C /* Utilities */,
				5C62A86D2547EF2A00EC0F21 /* Managers */,
				5C69B32C254744A900A8F263 /* Model */,
				5CBA2A2C2547318100A327E5 /* Support */,
				5CBA2A2A2547312000A327E5 /* Extensions */,
				5CC62FC32544BB36009F9AFC /* Custom Views */,
				5CC62FC22544BA35009F9AFC /* Screens */,
				5C53A713253F80FC00F68DDC /* Info.plist */,
			);
			path = GHFollowers;
			sourceTree = "<group>";
		};
		5C62A86D2547EF2A00EC0F21 /* Managers */ = {
			isa = PBXGroup;
			children = (
				5C62A86E2547EF4300EC0F21 /* NetworkManager.swift */,
			);
			path = Managers;
			sourceTree = "<group>";
		};
		5C65F488254899AE00B7051C /* Utilities */ = {
			isa = PBXGroup;
			children = (
				5C65F48A254899D100B7051C /* GFError.swift */,
				5CF36EFA255204B90028E73B /* UIHelper.swift */,
				5CE174AE255971440032CF17 /* Constants.swift */,
			);
			path = Utilities;
			sourceTree = "<group>";
		};
		5C65F48E25489F7C00B7051C /* Cells */ = {
			isa = PBXGroup;
			children = (
				5C65F48F25489F9D00B7051C /* FollowerCell.swift */,
			);
			path = Cells;
			sourceTree = "<group>";
		};
		5C69B32C254744A900A8F263 /* Model */ = {
			isa = PBXGroup;
			children = (
				5C69B32D254744B800A8F263 /* Follower.swift */,
				5C69B3302547457D00A8F263 /* User.swift */,
			);
			path = Model;
			sourceTree = "<group>";
		};
		5CB21C1425571DBD00F10394 /* Views */ = {
			isa = PBXGroup;
			children = (
				5CB21C1B25571E2100F10394 /* GFEmptyStateView.swift */,
			);
			path = Views;
			sourceTree = "<group>";
		};
		5CB21C1525571DC200F10394 /* Buttons */ = {
			isa = PBXGroup;
			children = (
				5C3B62112540C7BA007144AA /* GFButton.swift */,
			);
			path = Buttons;
			sourceTree = "<group>";
		};
		5CB21C1625571DC700F10394 /* TextFields */ = {
			isa = PBXGroup;
			children = (
				5C3B62142540CB5C007144AA /* GFTextField.swift */,
			);
			path = TextFields;
			sourceTree = "<group>";
		};
		5CB21C1725571DCF00F10394 /* ImageViews */ = {
			isa = PBXGroup;
			children = (
				5C65F4922548A01B00B7051C /* GFAvatarImageView.swift */,
			);
			path = ImageViews;
			sourceTree = "<group>";
		};
		5CB21C1825571DD600F10394 /* ViewControllers */ = {
			isa = PBXGroup;
			children = (
				5CE6F0652544291C00D44497 /* GFAlertVC.swift */,
				5CE174A82559630D0032CF17 /* GFUserInfoHeaderVC.swift */,
			);
			path = ViewControllers;
			sourceTree = "<group>";
		};
		5CB21C1925571DE900F10394 /* Labels */ = {
			isa = PBXGroup;
			children = (
				5CE6F05F2544267500D44497 /* GFTitleLabel.swift */,
				5CE6F0622544285200D44497 /* GFBodyLabel.swift */,
				5CE174AB255963720032CF17 /* GFSecondaryTitleLabel.swift */,
			);
			path = Labels;
			sourceTree = "<group>";
		};
		5CBA2A2A2547312000A327E5 /* Extensions */ = {
			isa = PBXGroup;
			children = (
				5CE6F05C254424E500D44497 /* String+Ext.swift */,
				5CE6F0682544385B00D44497 /* UIViewController+Ext.swift */,
			);
			path = Extensions;
			sourceTree = "<group>";
		};
		5CBA2A2C2547318100A327E5 /* Support */ = {
			isa = PBXGroup;
			children = (
				5C53A70E253F80FC00F68DDC /* Assets.xcassets */,
				5C53A710253F80FC00F68DDC /* LaunchScreen.storyboard */,
				5C53A705253F80FA00F68DDC /* AppDelegate.swift */,
				5C53A707253F80FA00F68DDC /* SceneDelegate.swift */,
			);
			path = Support;
			sourceTree = "<group>";
		};
		5CC62FC22544BA35009F9AFC /* Screens */ = {
			isa = PBXGroup;
			children = (
				5CE6F05925441ECA00D44497 /* FollowerListVC.swift */,
				5C53A720253F864B00F68DDC /* FavoritesListVC.swift */,
				5C53A71D253F862100F68DDC /* SearchVC.swift */,
				5CE77A3725589D4E00AD65A7 /* UserInfoVC.swift */,
			);
			path = Screens;
			sourceTree = "<group>";
		};
		5CC62FC32544BB36009F9AFC /* Custom Views */ = {
			isa = PBXGroup;
			children = (
				5CB21C1925571DE900F10394 /* Labels */,
				5CB21C1825571DD600F10394 /* ViewControllers */,
				5CB21C1725571DCF00F10394 /* ImageViews */,
				5CB21C1625571DC700F10394 /* TextFields */,
				5CB21C1525571DC200F10394 /* Buttons */,
				5CB21C1425571DBD00F10394 /* Views */,
				5C65F48E25489F7C00B7051C /* Cells */,
			);
			path = "Custom Views";
			sourceTree = "<group>";
		};
/* End PBXGroup section */

/* Begin PBXNativeTarget section */
		5C53A701253F80FA00F68DDC /* GHFollowers */ = {
			isa = PBXNativeTarget;
			buildConfigurationList = 5C53A716253F80FC00F68DDC /* Build configuration list for PBXNativeTarget "GHFollowers" */;
			buildPhases = (
				5C53A6FE253F80FA00F68DDC /* Sources */,
				5C53A6FF253F80FA00F68DDC /* Frameworks */,
				5C53A700253F80FA00F68DDC /* Resources */,
			);
			buildRules = (
			);
			dependencies = (
			);
			name = GHFollowers;
			productName = GHFollowers;
			productReference = 5C53A702253F80FA00F68DDC /* GHFollowers.app */;
			productType = "com.apple.product-type.application";
		};
/* End PBXNativeTarget section */

/* Begin PBXProject section */
		5C53A6FA253F80FA00F68DDC /* Project object */ = {
			isa = PBXProject;
			attributes = {
				LastSwiftUpdateCheck = 1200;
				LastUpgradeCheck = 1200;
				TargetAttributes = {
					5C53A701253F80FA00F68DDC = {
						CreatedOnToolsVersion = 12.0.1;
					};
				};
			};
			buildConfigurationList = 5C53A6FD253F80FA00F68DDC /* Build configuration list for PBXProject "GHFollowers" */;
			compatibilityVersion = "Xcode 9.3";
			developmentRegion = en;
			hasScannedForEncodings = 0;
			knownRegions = (
				en,
				Base,
			);
			mainGroup = 5C53A6F9253F80FA00F68DDC;
			productRefGroup = 5C53A703253F80FA00F68DDC /* Products */;
			projectDirPath = "";
			projectRoot = "";
			targets = (
				5C53A701253F80FA00F68DDC /* GHFollowers */,
			);
		};
/* End PBXProject section */

/* Begin PBXResourcesBuildPhase section */
		5C53A700253F80FA00F68DDC /* Resources */ = {
			isa = PBXResourcesBuildPhase;
			buildActionMask = 2147483647;
			files = (
				5C53A712253F80FC00F68DDC /* LaunchScreen.storyboard in Resources */,
				5C53A70F253F80FC00F68DDC /* Assets.xcassets in Resources */,
			);
			runOnlyForDeploymentPostprocessing = 0;
		};
/* End PBXResourcesBuildPhase section */

/* Begin PBXSourcesBuildPhase section */
		5C53A6FE253F80FA00F68DDC /* Sources */ = {
			isa = PBXSourcesBuildPhase;
			buildActionMask = 2147483647;
			files = (
				5C3B62152540CB5C007144AA /* GFTextField.swift in Sources */,
				5C53A721253F864B00F68DDC /* FavoritesListVC.swift in Sources */,
				5CE6F0692544385B00D44497 /* UIViewController+Ext.swift in Sources */,
				5CE174A92559630D0032CF17 /* GFUserInfoHeaderVC.swift in Sources */,
				5C3B62122540C7BA007144AA /* GFButton.swift in Sources */,
				5C53A71E253F862100F68DDC /* SearchVC.swift in Sources */,
				5CB21C1C25571E2100F10394 /* GFEmptyStateView.swift in Sources */,
				5CE174AC255963720032CF17 /* GFSecondaryTitleLabel.swift in Sources */,
				5CE6F05A25441ECA00D44497 /* FollowerListVC.swift in Sources */,
				5C69B3312547457D00A8F263 /* User.swift in Sources */,
				5C65F49025489F9D00B7051C /* FollowerCell.swift in Sources */,
				5C65F4932548A01B00B7051C /* GFAvatarImageView.swift in Sources */,
				5CE6F0662544291C00D44497 /* GFAlertVC.swift in Sources */,
				5CE77A3825589D4E00AD65A7 /* UserInfoVC.swift in Sources */,
				5C69B32E254744B800A8F263 /* Follower.swift in Sources */,
				5C53A706253F80FA00F68DDC /* AppDelegate.swift in Sources */,
				5CE6F0602544267500D44497 /* GFTitleLabel.swift in Sources */,
				5CE6F05D254424E500D44497 /* String+Ext.swift in Sources */,
				5C65F48B254899D100B7051C /* GFError.swift in Sources */,
				5CF36EFB255204B90028E73B /* UIHelper.swift in Sources */,
				5C62A86F2547EF4300EC0F21 /* NetworkManager.swift in Sources */,
				5C53A708253F80FA00F68DDC /* SceneDelegate.swift in Sources */,
				5CE6F0632544285200D44497 /* GFBodyLabel.swift in Sources */,
				5CE174AF255971440032CF17 /* Constants.swift in Sources */,
			);
			runOnlyForDeploymentPostprocessing = 0;
		};
/* End PBXSourcesBuildPhase section */

/* Begin PBXVariantGroup section */
		5C53A710253F80FC00F68DDC /* LaunchScreen.storyboard */ = {
			isa = PBXVariantGroup;
			children = (
				5C53A711253F80FC00F68DDC /* Base */,
			);
			name = LaunchScreen.storyboard;
			sourceTree = "<group>";
		};
/* End PBXVariantGroup section */

/* Begin XCBuildConfiguration section */
		5C53A714253F80FC00F68DDC /* Debug */ = {
			isa = XCBuildConfiguration;
			buildSettings = {
				ALWAYS_SEARCH_USER_PATHS = NO;
				CLANG_ANALYZER_NONNULL = YES;
				CLANG_ANALYZER_NUMBER_OBJECT_CONVERSION = YES_AGGRESSIVE;
				CLANG_CXX_LANGUAGE_STANDARD = "gnu++14";
				CLANG_CXX_LIBRARY = "libc++";
				CLANG_ENABLE_MODULES = YES;
				CLANG_ENABLE_OBJC_ARC = YES;
				CLANG_ENABLE_OBJC_WEAK = YES;
				CLANG_WARN_BLOCK_CAPTURE_AUTORELEASING = YES;
				CLANG_WARN_BOOL_CONVERSION = YES;
				CLANG_WARN_COMMA = YES;
				CLANG_WARN_CONSTANT_CONVERSION = YES;
				CLANG_WARN_DEPRECATED_OBJC_IMPLEMENTATIONS = YES;
				CLANG_WARN_DIRECT_OBJC_ISA_USAGE = YES_ERROR;
				CLANG_WARN_DOCUMENTATION_COMMENTS = YES;
				CLANG_WARN_EMPTY_BODY = YES;
				CLANG_WARN_ENUM_CONVERSION = YES;
				CLANG_WARN_INFINITE_RECURSION = YES;
				CLANG_WARN_INT_CONVERSION = YES;
				CLANG_WARN_NON_LITERAL_NULL_CONVERSION = YES;
				CLANG_WARN_OBJC_IMPLICIT_RETAIN_SELF = YES;
				CLANG_WARN_OBJC_LITERAL_CONVERSION = YES;
				CLANG_WARN_OBJC_ROOT_CLASS = YES_ERROR;
				CLANG_WARN_QUOTED_INCLUDE_IN_FRAMEWORK_HEADER = YES;
				CLANG_WARN_RANGE_LOOP_ANALYSIS = YES;
				CLANG_WARN_STRICT_PROTOTYPES = YES;
				CLANG_WARN_SUSPICIOUS_MOVE = YES;
				CLANG_WARN_UNGUARDED_AVAILABILITY = YES_AGGRESSIVE;
				CLANG_WARN_UNREACHABLE_CODE = YES;
				CLANG_WARN__DUPLICATE_METHOD_MATCH = YES;
				COPY_PHASE_STRIP = NO;
				DEBUG_INFORMATION_FORMAT = dwarf;
				ENABLE_STRICT_OBJC_MSGSEND = YES;
				ENABLE_TESTABILITY = YES;
				GCC_C_LANGUAGE_STANDARD = gnu11;
				GCC_DYNAMIC_NO_PIC = NO;
				GCC_NO_COMMON_BLOCKS = YES;
				GCC_OPTIMIZATION_LEVEL = 0;
				GCC_PREPROCESSOR_DEFINITIONS = (
					"DEBUG=1",
					"$(inherited)",
				);
				GCC_WARN_64_TO_32_BIT_CONVERSION = YES;
				GCC_WARN_ABOUT_RETURN_TYPE = YES_ERROR;
				GCC_WARN_UNDECLARED_SELECTOR = YES;
				GCC_WARN_UNINITIALIZED_AUTOS = YES_AGGRESSIVE;
				GCC_WARN_UNUSED_FUNCTION = YES;
				GCC_WARN_UNUSED_VARIABLE = YES;
				IPHONEOS_DEPLOYMENT_TARGET = 14.0;
				MTL_ENABLE_DEBUG_INFO = INCLUDE_SOURCE;
				MTL_FAST_MATH = YES;
				ONLY_ACTIVE_ARCH = YES;
				SDKROOT = iphoneos;
				SWIFT_ACTIVE_COMPILATION_CONDITIONS = DEBUG;
				SWIFT_OPTIMIZATION_LEVEL = "-Onone";
			};
			name = Debug;
		};
		5C53A715253F80FC00F68DDC /* Release */ = {
			isa = XCBuildConfiguration;
			buildSettings = {
				ALWAYS_SEARCH_USER_PATHS = NO;
				CLANG_ANALYZER_NONNULL = YES;
				CLANG_ANALYZER_NUMBER_OBJECT_CONVERSION = YES_AGGRESSIVE;
				CLANG_CXX_LANGUAGE_STANDARD = "gnu++14";
				CLANG_CXX_LIBRARY = "libc++";
				CLANG_ENABLE_MODULES = YES;
				CLANG_ENABLE_OBJC_ARC = YES;
				CLANG_ENABLE_OBJC_WEAK = YES;
				CLANG_WARN_BLOCK_CAPTURE_AUTORELEASING = YES;
				CLANG_WARN_BOOL_CONVERSION = YES;
				CLANG_WARN_COMMA = YES;
				CLANG_WARN_CONSTANT_CONVERSION = YES;
				CLANG_WARN_DEPRECATED_OBJC_IMPLEMENTATIONS = YES;
				CLANG_WARN_DIRECT_OBJC_ISA_USAGE = YES_ERROR;
				CLANG_WARN_DOCUMENTATION_COMMENTS = YES;
				CLANG_WARN_EMPTY_BODY = YES;
				CLANG_WARN_ENUM_CONVERSION = YES;
				CLANG_WARN_INFINITE_RECURSION = YES;
				CLANG_WARN_INT_CONVERSION = YES;
				CLANG_WARN_NON_LITERAL_NULL_CONVERSION = YES;
				CLANG_WARN_OBJC_IMPLICIT_RETAIN_SELF = YES;
				CLANG_WARN_OBJC_LITERAL_CONVERSION = YES;
				CLANG_WARN_OBJC_ROOT_CLASS = YES_ERROR;
				CLANG_WARN_QUOTED_INCLUDE_IN_FRAMEWORK_HEADER = YES;
				CLANG_WARN_RANGE_LOOP_ANALYSIS = YES;
				CLANG_WARN_STRICT_PROTOTYPES = YES;
				CLANG_WARN_SUSPICIOUS_MOVE = YES;
				CLANG_WARN_UNGUARDED_AVAILABILITY = YES_AGGRESSIVE;
				CLANG_WARN_UNREACHABLE_CODE = YES;
				CLANG_WARN__DUPLICATE_METHOD_MATCH = YES;
				COPY_PHASE_STRIP = NO;
				DEBUG_INFORMATION_FORMAT = "dwarf-with-dsym";
				ENABLE_NS_ASSERTIONS = NO;
				ENABLE_STRICT_OBJC_MSGSEND = YES;
				GCC_C_LANGUAGE_STANDARD = gnu11;
				GCC_NO_COMMON_BLOCKS = YES;
				GCC_WARN_64_TO_32_BIT_CONVERSION = YES;
				GCC_WARN_ABOUT_RETURN_TYPE = YES_ERROR;
				GCC_WARN_UNDECLARED_SELECTOR = YES;
				GCC_WARN_UNINITIALIZED_AUTOS = YES_AGGRESSIVE;
				GCC_WARN_UNUSED_FUNCTION = YES;
				GCC_WARN_UNUSED_VARIABLE = YES;
				IPHONEOS_DEPLOYMENT_TARGET = 14.0;
				MTL_ENABLE_DEBUG_INFO = NO;
				MTL_FAST_MATH = YES;
				SDKROOT = iphoneos;
				SWIFT_COMPILATION_MODE = wholemodule;
				SWIFT_OPTIMIZATION_LEVEL = "-O";
				VALIDATE_PRODUCT = YES;
			};
			name = Release;
		};
		5C53A717253F80FC00F68DDC /* Debug */ = {
			isa = XCBuildConfiguration;
			buildSettings = {
				ASSETCATALOG_COMPILER_APPICON_NAME = AppIcon;
				ASSETCATALOG_COMPILER_GLOBAL_ACCENT_COLOR_NAME = AccentColor;
				CODE_SIGN_STYLE = Automatic;
				DEVELOPMENT_TEAM = 27QQ4H5V76;
				INFOPLIST_FILE = GHFollowers/Info.plist;
				IPHONEOS_DEPLOYMENT_TARGET = 13.0;
				LD_RUNPATH_SEARCH_PATHS = (
					"$(inherited)",
					"@executable_path/Frameworks",
				);
				PRODUCT_BUNDLE_IDENTIFIER = com.lucaarchidiacono.GHFollowers;
				PRODUCT_NAME = "$(TARGET_NAME)";
				SWIFT_VERSION = 5.0;
				TARGETED_DEVICE_FAMILY = 1;
			};
			name = Debug;
		};
		5C53A718253F80FC00F68DDC /* Release */ = {
			isa = XCBuildConfiguration;
			buildSettings = {
				ASSETCATALOG_COMPILER_APPICON_NAME = AppIcon;
				ASSETCATALOG_COMPILER_GLOBAL_ACCENT_COLOR_NAME = AccentColor;
				CODE_SIGN_STYLE = Automatic;
				DEVELOPMENT_TEAM = 27QQ4H5V76;
				INFOPLIST_FILE = GHFollowers/Info.plist;
				IPHONEOS_DEPLOYMENT_TARGET = 13.0;
				LD_RUNPATH_SEARCH_PATHS = (
					"$(inherited)",
					"@executable_path/Frameworks",
				);
				PRODUCT_BUNDLE_IDENTIFIER = com.lucaarchidiacono.GHFollowers;
				PRODUCT_NAME = "$(TARGET_NAME)";
				SWIFT_VERSION = 5.0;
				TARGETED_DEVICE_FAMILY = 1;
			};
			name = Release;
		};
/* End XCBuildConfiguration section */

/* Begin XCConfigurationList section */
		5C53A6FD253F80FA00F68DDC /* Build configuration list for PBXProject "GHFollowers" */ = {
			isa = XCConfigurationList;
			buildConfigurations = (
				5C53A714253F80FC00F68DDC /* Debug */,
				5C53A715253F80FC00F68DDC /* Release */,
			);
			defaultConfigurationIsVisible = 0;
			defaultConfigurationName = Release;
		};
		5C53A716253F80FC00F68DDC /* Build configuration list for PBXNativeTarget "GHFollowers" */ = {
			isa = XCConfigurationList;
			buildConfigurations = (
				5C53A717253F80FC00F68DDC /* Debug */,
				5C53A718253F80FC00F68DDC /* Release */,
			);
			defaultConfigurationIsVisible = 0;
			defaultConfigurationName = Release;
		};
/* End XCConfigurationList section */
	};
	rootObject = 5C53A6FA253F80FA00F68DDC /* Project object */;
}
